
Microsoft Visual Studio Solution File, Format Version 12.00
# Visual Studio Version 16
VisualStudioVersion = 16.0.31515.178
MinimumVisualStudioVersion = 10.0.40219.1
Project("{2150E333-8FDC-42A3-9474-1A3956D46DE8}") = "Ui", "Ui", "{99D7DBFA-5EB7-43E8-8FBD-66CDD3B9B7DB}"
EndProject
Project("{2150E333-8FDC-42A3-9474-1A3956D46DE8}") = "Logic", "Logic", "{264F5CDC-BE62-46DC-88A5-262B8000E462}"
EndProject
Project("{2150E333-8FDC-42A3-9474-1A3956D46DE8}") = ".shared", ".shared", "{DEADBB78-FDF7-4BD3-B85C-B1E81C881EE8}"
	ProjectSection(SolutionItems) = preProject
		.shared\SharedAssemblyInfo.cs = .shared\SharedAssemblyInfo.cs
	EndProjectSection
EndProject
Project("{FAE04EC0-301F-11D3-BF4B-00C04F79EFBC}") = "Ui.Desktop", "Ui\Ui.Desktop\Ui.Desktop.csproj", "{1F6F9022-959D-41D9-947A-186883FDFF28}"
EndProject
Project("{FAE04EC0-301F-11D3-BF4B-00C04F79EFBC}") = "Logic.Ui", "Logic\Logic.Ui\Logic.Ui.csproj", "{306896BB-46DB-4C30-A279-690CF0950DA7}"
EndProject
Global
	GlobalSection(SolutionConfigurationPlatforms) = preSolution
		Debug|Any CPU = Debug|Any CPU
		Release|Any CPU = Release|Any CPU
	EndGlobalSection
	GlobalSection(ProjectConfigurationPlatforms) = postSolution
		{1F6F9022-959D-41D9-947A-186883FDFF28}.Debug|Any CPU.ActiveCfg = Debug|Any CPU
		{1F6F9022-959D-41D9-947A-186883FDFF28}.Debug|Any CPU.Build.0 = Debug|Any CPU
		{1F6F9022-959D-41D9-947A-186883FDFF28}.Release|Any CPU.ActiveCfg = Release|Any CPU
		{1F6F9022-959D-41D9-947A-186883FDFF28}.Release|Any CPU.Build.0 = Release|Any CPU
		{306896BB-46DB-4C30-A279-690CF0950DA7}.Debug|Any CPU.ActiveCfg = Debug|Any CPU
		{306896BB-46DB-4C30-A279-690CF0950DA7}.Debug|Any CPU.Build.0 = Debug|Any CPU
		{306896BB-46DB-4C30-A279-690CF0950DA7}.Release|Any CPU.ActiveCfg = Release|Any CPU
		{306896BB-46DB-4C30-A279-690CF0950DA7}.Release|Any CPU.Build.0 = Release|Any CPU
	EndGlobalSection
	GlobalSection(SolutionProperties) = preSolution
		HideSolutionNode = FALSE
	EndGlobalSection
	GlobalSection(NestedProjects) = preSolution
		{1F6F9022-959D-41D9-947A-186883FDFF28} = {99D7DBFA-5EB7-43E8-8FBD-66CDD3B9B7DB}
		{306896BB-46DB-4C30-A279-690CF0950DA7} = {264F5CDC-BE62-46DC-88A5-262B8000E462}
	EndGlobalSection
	GlobalSection(ExtensibilityGlobals) = postSolution
		SolutionGuid = {6538C39D-4C73-4E56-9546-C505172BDC31}
	EndGlobalSection
EndGlobal
